
Microsoft Visual Studio Solution File, Format Version 12.00
# Visual Studio Version 17
VisualStudioVersion = 17.5.33502.453
MinimumVisualStudioVersion = 10.0.40219.1
Project("{FAE04EC0-301F-11D3-BF4B-00C04F79EFBC}") = "HotelManagamenStudio", "HotelManagamenStudio.csproj", "{012B1C35-E587-4541-82AC-1A07AA9C1C08}"
EndProject
Project("{2150E333-8FDC-42A3-9474-1A3956D46DE8}") = "Solution Items", "Solution Items", "{CD18DF56-4010-49B5-A852-33719671586B}"
	ProjectSection(SolutionItems) = preProject
		..\..\..\Desktop\hotel5.jpg = ..\..\..\Desktop\hotel5.jpg
	EndProjectSection
EndProject
Global
	GlobalSection(SolutionConfigurationPlatforms) = preSolution
		Debug|Any CPU = Debug|Any CPU
		Release|Any CPU = Release|Any CPU
	EndGlobalSection
	GlobalSection(ProjectConfigurationPlatforms) = postSolution
		{012B1C35-E587-4541-82AC-1A07AA9C1C08}.Debug|Any CPU.ActiveCfg = Debug|Any CPU
		{012B1C35-E587-4541-82AC-1A07AA9C1C08}.Debug|Any CPU.Build.0 = Debug|Any CPU
		{012B1C35-E587-4541-82AC-1A07AA9C1C08}.Release|Any CPU.ActiveCfg = Release|Any CPU
		{012B1C35-E587-4541-82AC-1A07AA9C1C08}.Release|Any CPU.Build.0 = Release|Any CPU
	EndGlobalSection
	GlobalSection(SolutionProperties) = preSolution
		HideSolutionNode = FALSE
	EndGlobalSection
	GlobalSection(ExtensibilityGlobals) = postSolution
		SolutionGuid = {F1F6A0FC-DE2D-4618-9148-6B8CB5C27F50}
	EndGlobalSection
EndGlobal
